
Microsoft Visual Studio Solution File, Format Version 12.00
# Visual Studio Version 17
VisualStudioVersion = 17.7.34031.279
MinimumVisualStudioVersion = 10.0.40219.1
Project("{FAE04EC0-301F-11D3-BF4B-00C04F79EFBC}") = "cardealers", "cardealers\cardealers.csproj", "{8F51E077-29BA-488A-A510-FB00152F9081}"
EndProject
Global
	GlobalSection(SolutionConfigurationPlatforms) = preSolution
		Debug|Any CPU = Debug|Any CPU
		Release|Any CPU = Release|Any CPU
	EndGlobalSection
	GlobalSection(ProjectConfigurationPlatforms) = postSolution
		{8F51E077-29BA-488A-A510-FB00152F9081}.Debug|Any CPU.ActiveCfg = Debug|Any CPU
		{8F51E077-29BA-488A-A510-FB00152F9081}.Debug|Any CPU.Build.0 = Debug|Any CPU
		{8F51E077-29BA-488A-A510-FB00152F9081}.Release|Any CPU.ActiveCfg = Release|Any CPU
		{8F51E077-29BA-488A-A510-FB00152F9081}.Release|Any CPU.Build.0 = Release|Any CPU
	EndGlobalSection
	GlobalSection(SolutionProperties) = preSolution
		HideSolutionNode = FALSE
	EndGlobalSection
	GlobalSection(ExtensibilityGlobals) = postSolution
		SolutionGuid = {CF769283-0640-457A-8634-33DCEFBBAF36}
	EndGlobalSection
EndGlobal
